
Microsoft Visual Studio Solution File, Format Version 12.00
# Visual Studio Version 16
VisualStudioVersion = 16.0.31702.278
MinimumVisualStudioVersion = 10.0.40219.1
Project("{2150E333-8FDC-42A3-9474-1A3956D46DE8}") = "src", "src", "{479A4DB2-68F3-4444-B8BE-FF1DE6D3949F}"
EndProject
Project("{2150E333-8FDC-42A3-9474-1A3956D46DE8}") = "PhoneBook", "PhoneBook", "{C1D0D440-4728-4501-9FAB-350C32411824}"
EndProject
Project("{2150E333-8FDC-42A3-9474-1A3956D46DE8}") = "RepositoryService", "RepositoryService", "{F4727241-9EA8-4A49-B8A0-6672503F7129}"
EndProject
Project("{2150E333-8FDC-42A3-9474-1A3956D46DE8}") = "ReportService", "ReportService", "{3D3295A0-C866-476E-B11C-D362EF630708}"
EndProject
Project("{9A19103F-16F7-4668-BE54-9A1E7A4F7556}") = "PhoneBook.API", "src\PhoneBook\PhoneBook.API\PhoneBook.API.csproj", "{42D8BB6D-65D1-4C00-BA44-D7872569032D}"
EndProject
Project("{9A19103F-16F7-4668-BE54-9A1E7A4F7556}") = "PhoneBook.Core", "src\PhoneBook\PhoneBook.Core\PhoneBook.Core.csproj", "{DDFFAECA-D7D3-46BD-9DBC-041CDBE898A9}"
EndProject
Project("{9A19103F-16F7-4668-BE54-9A1E7A4F7556}") = "PhoneBook.Infrastructure", "src\PhoneBook\PhoneBook.Infrastructure\PhoneBook.Infrastructure.csproj", "{226C7F6D-07AA-4888-B2DD-BC49CBC2D18A}"
EndProject
Project("{9A19103F-16F7-4668-BE54-9A1E7A4F7556}") = "ReportService.API", "src\ReportService\ReportService.API\ReportService.API.csproj", "{F8F90ECC-D4B0-4707-A07E-59E6DC248A12}"
EndProject
Project("{9A19103F-16F7-4668-BE54-9A1E7A4F7556}") = "ReportService.Core", "src\ReportService\ReportService.Core\ReportService.Core.csproj", "{4B0B716C-F59B-4F76-9781-DCAF9EB392DB}"
EndProject
Project("{9A19103F-16F7-4668-BE54-9A1E7A4F7556}") = "ReportService.Infrastructure", "src\ReportService\ReportService.Infrastructure\ReportService.Infrastructure.csproj", "{BD22AB4B-7C56-488A-8E45-DE6CE68DEB3A}"
EndProject
Project("{9A19103F-16F7-4668-BE54-9A1E7A4F7556}") = "RepositoryService.API", "src\RepositoryService\RepositoryService.API\RepositoryService.API.csproj", "{EF2AB1F8-6A78-4148-9E89-32845DE92916}"
EndProject
Project("{9A19103F-16F7-4668-BE54-9A1E7A4F7556}") = "RepositoryService.Application", "src\RepositoryService\RepositoryService.Application\RepositoryService.Application.csproj", "{C028FADD-3500-41CF-89C3-39EB809CEAFA}"
EndProject
Project("{9A19103F-16F7-4668-BE54-9A1E7A4F7556}") = "RepositoryService.Core", "src\RepositoryService\RepositoryService.Core\RepositoryService.Core.csproj", "{D60DC006-212C-49DA-82BD-85AA0D68F244}"
EndProject
Project("{9A19103F-16F7-4668-BE54-9A1E7A4F7556}") = "RepositoryService.Infrastructure", "src\RepositoryService\RepositoryService.Infrastructure\RepositoryService.Infrastructure.csproj", "{5DD8259A-532F-4974-B4FE-DA53E233B92E}"
EndProject
Project("{2150E333-8FDC-42A3-9474-1A3956D46DE8}") = "Common", "Common", "{8729B50A-9C90-4987-9F8C-31F5A40EE118}"
EndProject
Project("{9A19103F-16F7-4668-BE54-9A1E7A4F7556}") = "EventBusRabbitMQ", "src\Common\EventBusRabbitMQ\EventBusRabbitMQ.csproj", "{C85C53D7-50B6-4B1E-81A9-E00DE5D4C079}"
EndProject
Project("{FAE04EC0-301F-11D3-BF4B-00C04F79EFBC}") = "RepositoryService.Tests", "src\RepositoryService\RepositoryService.Tests\RepositoryService.Tests.csproj", "{975EFC0B-847D-45A5-822F-282816FF8B64}"
EndProject
Project("{FAE04EC0-301F-11D3-BF4B-00C04F79EFBC}") = "ReportService.Tests", "src\ReportService\ReportService.Tests\ReportService.Tests.csproj", "{190120F3-0294-47EB-9F15-6651BE729026}"
EndProject
Global
	GlobalSection(SolutionConfigurationPlatforms) = preSolution
		Debug|Any CPU = Debug|Any CPU
		Release|Any CPU = Release|Any CPU
	EndGlobalSection
	GlobalSection(ProjectConfigurationPlatforms) = postSolution
		{42D8BB6D-65D1-4C00-BA44-D7872569032D}.Debug|Any CPU.ActiveCfg = Debug|Any CPU
		{42D8BB6D-65D1-4C00-BA44-D7872569032D}.Debug|Any CPU.Build.0 = Debug|Any CPU
		{42D8BB6D-65D1-4C00-BA44-D7872569032D}.Release|Any CPU.ActiveCfg = Release|Any CPU
		{42D8BB6D-65D1-4C00-BA44-D7872569032D}.Release|Any CPU.Build.0 = Release|Any CPU
		{DDFFAECA-D7D3-46BD-9DBC-041CDBE898A9}.Debug|Any CPU.ActiveCfg = Debug|Any CPU
		{DDFFAECA-D7D3-46BD-9DBC-041CDBE898A9}.Debug|Any CPU.Build.0 = Debug|Any CPU
		{DDFFAECA-D7D3-46BD-9DBC-041CDBE898A9}.Release|Any CPU.ActiveCfg = Release|Any CPU
		{DDFFAECA-D7D3-46BD-9DBC-041CDBE898A9}.Release|Any CPU.Build.0 = Release|Any CPU
		{226C7F6D-07AA-4888-B2DD-BC49CBC2D18A}.Debug|Any CPU.ActiveCfg = Debug|Any CPU
		{226C7F6D-07AA-4888-B2DD-BC49CBC2D18A}.Debug|Any CPU.Build.0 = Debug|Any CPU
		{226C7F6D-07AA-4888-B2DD-BC49CBC2D18A}.Release|Any CPU.ActiveCfg = Release|Any CPU
		{226C7F6D-07AA-4888-B2DD-BC49CBC2D18A}.Release|Any CPU.Build.0 = Release|Any CPU
		{F8F90ECC-D4B0-4707-A07E-59E6DC248A12}.Debug|Any CPU.ActiveCfg = Debug|Any CPU
		{F8F90ECC-D4B0-4707-A07E-59E6DC248A12}.Debug|Any CPU.Build.0 = Debug|Any CPU
		{F8F90ECC-D4B0-4707-A07E-59E6DC248A12}.Release|Any CPU.ActiveCfg = Release|Any CPU
		{F8F90ECC-D4B0-4707-A07E-59E6DC248A12}.Release|Any CPU.Build.0 = Release|Any CPU
		{4B0B716C-F59B-4F76-9781-DCAF9EB392DB}.Debug|Any CPU.ActiveCfg = Debug|Any CPU
		{4B0B716C-F59B-4F76-9781-DCAF9EB392DB}.Debug|Any CPU.Build.0 = Debug|Any CPU
		{4B0B716C-F59B-4F76-9781-DCAF9EB392DB}.Release|Any CPU.ActiveCfg = Release|Any CPU
		{4B0B716C-F59B-4F76-9781-DCAF9EB392DB}.Release|Any CPU.Build.0 = Release|Any CPU
		{BD22AB4B-7C56-488A-8E45-DE6CE68DEB3A}.Debug|Any CPU.ActiveCfg = Debug|Any CPU
		{BD22AB4B-7C56-488A-8E45-DE6CE68DEB3A}.Debug|Any CPU.Build.0 = Debug|Any CPU
		{BD22AB4B-7C56-488A-8E45-DE6CE68DEB3A}.Release|Any CPU.ActiveCfg = Release|Any CPU
		{BD22AB4B-7C56-488A-8E45-DE6CE68DEB3A}.Release|Any CPU.Build.0 = Release|Any CPU
		{EF2AB1F8-6A78-4148-9E89-32845DE92916}.Debug|Any CPU.ActiveCfg = Debug|Any CPU
		{EF2AB1F8-6A78-4148-9E89-32845DE92916}.Debug|Any CPU.Build.0 = Debug|Any CPU
		{EF2AB1F8-6A78-4148-9E89-32845DE92916}.Release|Any CPU.ActiveCfg = Release|Any CPU
		{EF2AB1F8-6A78-4148-9E89-32845DE92916}.Release|Any CPU.Build.0 = Release|Any CPU
		{C028FADD-3500-41CF-89C3-39EB809CEAFA}.Debug|Any CPU.ActiveCfg = Debug|Any CPU
		{C028FADD-3500-41CF-89C3-39EB809CEAFA}.Debug|Any CPU.Build.0 = Debug|Any CPU
		{C028FADD-3500-41CF-89C3-39EB809CEAFA}.Release|Any CPU.ActiveCfg = Release|Any CPU
		{C028FADD-3500-41CF-89C3-39EB809CEAFA}.Release|Any CPU.Build.0 = Release|Any CPU
		{D60DC006-212C-49DA-82BD-85AA0D68F244}.Debug|Any CPU.ActiveCfg = Debug|Any CPU
		{D60DC006-212C-49DA-82BD-85AA0D68F244}.Debug|Any CPU.Build.0 = Debug|Any CPU
		{D60DC006-212C-49DA-82BD-85AA0D68F244}.Release|Any CPU.ActiveCfg = Release|Any CPU
		{D60DC006-212C-49DA-82BD-85AA0D68F244}.Release|Any CPU.Build.0 = Release|Any CPU
		{5DD8259A-532F-4974-B4FE-DA53E233B92E}.Debug|Any CPU.ActiveCfg = Debug|Any CPU
		{5DD8259A-532F-4974-B4FE-DA53E233B92E}.Debug|Any CPU.Build.0 = Debug|Any CPU
		{5DD8259A-532F-4974-B4FE-DA53E233B92E}.Release|Any CPU.ActiveCfg = Release|Any CPU
		{5DD8259A-532F-4974-B4FE-DA53E233B92E}.Release|Any CPU.Build.0 = Release|Any CPU
		{C85C53D7-50B6-4B1E-81A9-E00DE5D4C079}.Debug|Any CPU.ActiveCfg = Debug|Any CPU
		{C85C53D7-50B6-4B1E-81A9-E00DE5D4C079}.Debug|Any CPU.Build.0 = Debug|Any CPU
		{C85C53D7-50B6-4B1E-81A9-E00DE5D4C079}.Release|Any CPU.ActiveCfg = Release|Any CPU
		{C85C53D7-50B6-4B1E-81A9-E00DE5D4C079}.Release|Any CPU.Build.0 = Release|Any CPU
		{975EFC0B-847D-45A5-822F-282816FF8B64}.Debug|Any CPU.ActiveCfg = Debug|Any CPU
		{975EFC0B-847D-45A5-822F-282816FF8B64}.Debug|Any CPU.Build.0 = Debug|Any CPU
		{975EFC0B-847D-45A5-822F-282816FF8B64}.Release|Any CPU.ActiveCfg = Release|Any CPU
		{975EFC0B-847D-45A5-822F-282816FF8B64}.Release|Any CPU.Build.0 = Release|Any CPU
		{190120F3-0294-47EB-9F15-6651BE729026}.Debug|Any CPU.ActiveCfg = Debug|Any CPU
		{190120F3-0294-47EB-9F15-6651BE729026}.Debug|Any CPU.Build.0 = Debug|Any CPU
		{190120F3-0294-47EB-9F15-6651BE729026}.Release|Any CPU.ActiveCfg = Release|Any CPU
		{190120F3-0294-47EB-9F15-6651BE729026}.Release|Any CPU.Build.0 = Release|Any CPU
	EndGlobalSection
	GlobalSection(SolutionProperties) = preSolution
		HideSolutionNode = FALSE
	EndGlobalSection
	GlobalSection(NestedProjects) = preSolution
		{C1D0D440-4728-4501-9FAB-350C32411824} = {479A4DB2-68F3-4444-B8BE-FF1DE6D3949F}
		{F4727241-9EA8-4A49-B8A0-6672503F7129} = {479A4DB2-68F3-4444-B8BE-FF1DE6D3949F}
		{3D3295A0-C866-476E-B11C-D362EF630708} = {479A4DB2-68F3-4444-B8BE-FF1DE6D3949F}
		{42D8BB6D-65D1-4C00-BA44-D7872569032D} = {C1D0D440-4728-4501-9FAB-350C32411824}
		{DDFFAECA-D7D3-46BD-9DBC-041CDBE898A9} = {C1D0D440-4728-4501-9FAB-350C32411824}
		{226C7F6D-07AA-4888-B2DD-BC49CBC2D18A} = {C1D0D440-4728-4501-9FAB-350C32411824}
		{F8F90ECC-D4B0-4707-A07E-59E6DC248A12} = {3D3295A0-C866-476E-B11C-D362EF630708}
		{4B0B716C-F59B-4F76-9781-DCAF9EB392DB} = {3D3295A0-C866-476E-B11C-D362EF630708}
		{BD22AB4B-7C56-488A-8E45-DE6CE68DEB3A} = {3D3295A0-C866-476E-B11C-D362EF630708}
		{EF2AB1F8-6A78-4148-9E89-32845DE92916} = {F4727241-9EA8-4A49-B8A0-6672503F7129}
		{C028FADD-3500-41CF-89C3-39EB809CEAFA} = {F4727241-9EA8-4A49-B8A0-6672503F7129}
		{D60DC006-212C-49DA-82BD-85AA0D68F244} = {F4727241-9EA8-4A49-B8A0-6672503F7129}
		{5DD8259A-532F-4974-B4FE-DA53E233B92E} = {F4727241-9EA8-4A49-B8A0-6672503F7129}
		{8729B50A-9C90-4987-9F8C-31F5A40EE118} = {479A4DB2-68F3-4444-B8BE-FF1DE6D3949F}
		{C85C53D7-50B6-4B1E-81A9-E00DE5D4C079} = {8729B50A-9C90-4987-9F8C-31F5A40EE118}
		{975EFC0B-847D-45A5-822F-282816FF8B64} = {F4727241-9EA8-4A49-B8A0-6672503F7129}
		{190120F3-0294-47EB-9F15-6651BE729026} = {3D3295A0-C866-476E-B11C-D362EF630708}
	EndGlobalSection
	GlobalSection(ExtensibilityGlobals) = postSolution
		SolutionGuid = {31C8126D-24F7-4F59-85E6-2930AFECEE5E}
	EndGlobalSection
EndGlobal
